{
    "hash": "308473d073eea18aa0255b11a01ee1f1",
    "packages": [
        {
            "name": "eloquent/enumeration",
            "version": "3.0.1",
            "source": {
                "type": "git",
                "url": "git://github.com/eloquent/enumeration.git",
                "reference": "3.0.1"
            },
            "dist": {
                "type": "zip",
                "url": "https://github.com/eloquent/enumeration/zipball/3.0.1",
                "reference": "3.0.1",
                "shasum": ""
            },
            "require": {
                "php": ">=5.3.0"
            },
            "require-dev": {
                "phake/phake": "1.*"
            },
            "time": "2012-08-21 01:21:14",
            "type": "library",
            "installation-source": "dist",
            "autoload": {
                "psr-0": {
                    "Eloquent\\Enumeration": "src"
                }
            },
            "license": [
                "MIT"
            ],
            "authors": [
                {
                    "name": "Erin Millard",
                    "email": "ezzatron@gmail.com",
                    "homepage": "http://ezzatron.com/"
                }
            ],
            "description": "An enumeration implementation for PHP.",
            "homepage": "https://github.com/eloquent/enumeration",
            "keywords": [
                "enum",
                "enumeration",
                "set",
                "class"
            ]
        }
    ],
    "packages-dev": [
        {
            "name": "eloquent/asplode",
            "version": "1.0.4",
            "source": {
                "type": "git",
                "url": "https://github.com/eloquent/asplode.git",
                "reference": "1.0.4"
            },
            "dist": {
                "type": "zip",
                "url": "https://github.com/eloquent/asplode/zipball/1.0.4",
                "reference": "1.0.4",
                "shasum": ""
            },
            "require": {
                "php": ">=5.3.0",
                "icecave/isolator": "2.*"
            },
            "require-dev": {
                "phake/phake": "1.*"
            },
            "time": "2012-08-05 18:24:33",
            "type": "library",
            "installation-source": "dist",
            "autoload": {
                "psr-0": {
                    "Eloquent\\Asplode": "src"
                }
            },
            "license": [
                "MIT"
            ],
            "authors": [
                {
                    "name": "Erin Millard",
                    "email": "ezzatron@gmail.com",
                    "homepage": "http://ezzatron.com/"
                }
            ],
            "description": "Drop-in exception-based error handling for PHP.",
            "homepage": "https://github.com/eloquent/asplode",
            "keywords": [
                "exception",
                "error",
                "handling",
                "handler",
                "errorexception",
                "fault",
                "failure"
            ]
        },
        {
            "name": "icecave/isolator",
            "version": "2.1.0",
            "source": {
                "type": "git",
                "url": "https://github.com/IcecaveStudios/isolator.git",
                "reference": "2.1.0"
            },
            "dist": {
                "type": "zip",
                "url": "https://github.com/IcecaveStudios/isolator/zipball/2.1.0",
                "reference": "2.1.0",
                "shasum": ""
            },
            "require": {
                "php": ">=5.3.0"
            },
            "require-dev": {
                "phake/phake": "1.*"
            },
            "time": "2012-08-12 03:37:39",
            "type": "library",
            "installation-source": "dist",
            "autoload": {
                "psr-0": {
                    "Icecave\\Isolator": "lib"
                }
            },
            "license": [
                "MIT"
            ],
            "authors": [
                {
                    "name": "James Harris",
                    "email": "james.harris@icecave.com.au"
                }
            ],
            "description": "Mock out calls to built-in PHP functions.",
            "homepage": "https://github.com/IcecaveStudios/isolator",
            "keywords": [
                "phpunit",
                "test",
                "mock",
                "fake",
                "unit",
                "phake"
            ]
        },
        {
            "name": "phake/phake",
            "version": "v1.0.3",
            "source": {
                "type": "git",
                "url": "git://github.com/mlively/Phake.git",
                "reference": "v1.0.3"
            },
            "dist": {
                "type": "zip",
                "url": "https://github.com/mlively/Phake/zipball/v1.0.3",
                "reference": "v1.0.3",
                "shasum": ""
            },
            "require": {
                "php": ">=5.2.0"
            },
            "time": "2012-05-14 08:06:51",
            "type": "library",
            "installation-source": "dist",
            "autoload": {
                "classmap": [
                    "src"
                ]
            },
            "include-path": [
                "src"
            ],
            "license": [
                "BSD"
            ],
            "authors": [
                {
                    "name": "Mike Lively",
                    "email": "m@digitalsandwich.com"
                }
            ],
            "description": "The Phake mock testing library",
            "homepage": "https://github.com/mlively/Phake",
            "keywords": [
                "testing",
                "mock"
            ]
        }
    ],
    "aliases": [

    ],
    "minimum-stability": "stable",
    "stability-flags": [

    ]
}
