{
    "hash": "dabf135e0d09ecb0b34e88790781e597",
    "packages": [
        {
            "name": "eloquent/enumeration",
            "version": "3.0.1",
            "source": {
                "type": "git",
                "url": "git://github.com/eloquent/enumeration.git",
                "reference": "3.0.1"
            },
            "dist": {
                "type": "zip",
                "url": "https://github.com/eloquent/enumeration/zipball/3.0.1",
                "reference": "3.0.1",
                "shasum": ""
            },
            "require": {
                "php": ">=5.3.0"
            },
            "require-dev": {
                "phake/phake": "1.*"
            },
            "time": "2012-08-21 01:21:14",
            "type": "library",
            "installation-source": "dist",
            "autoload": {
                "psr-0": {
                    "Eloquent\\Enumeration": "src"
                }
            },
            "license": [
                "MIT"
            ],
            "authors": [
                {
                    "name": "Erin Millard",
                    "email": "ezzatron@gmail.com",
                    "homepage": "http://ezzatron.com/"
                }
            ],
            "description": "An enumeration implementation for PHP.",
            "homepage": "https://github.com/eloquent/enumeration",
            "keywords": [
                "enum",
                "enumeration",
                "set",
                "class"
            ]
        },
        {
            "name": "icecave/isolator",
            "version": "2.1.0",
            "source": {
                "type": "git",
                "url": "https://github.com/IcecaveStudios/isolator.git",
                "reference": "2.1.0"
            },
            "dist": {
                "type": "zip",
                "url": "https://github.com/IcecaveStudios/isolator/zipball/2.1.0",
                "reference": "2.1.0",
                "shasum": ""
            },
            "require": {
                "php": ">=5.3.0"
            },
            "require-dev": {
                "phake/phake": "1.*"
            },
            "time": "2012-08-12 03:37:39",
            "type": "library",
            "installation-source": "dist",
            "autoload": {
                "psr-0": {
                    "Icecave\\Isolator": "lib"
                }
            },
            "license": [
                "MIT"
            ],
            "authors": [
                {
                    "name": "James Harris",
                    "email": "james.harris@icecave.com.au"
                }
            ],
            "description": "Mock out calls to built-in PHP functions.",
            "homepage": "https://github.com/IcecaveStudios/isolator",
            "keywords": [
                "phpunit",
                "test",
                "mock",
                "fake",
                "unit",
                "phake"
            ]
        },
        {
            "name": "justinrainbow/json-schema",
            "version": "1.2.1",
            "source": {
                "type": "git",
                "url": "git://github.com/justinrainbow/json-schema.git",
                "reference": "1.2.1"
            },
            "dist": {
                "type": "zip",
                "url": "https://github.com/justinrainbow/json-schema/zipball/1.2.1",
                "reference": "1.2.1",
                "shasum": ""
            },
            "require": {
                "php": ">=5.3.0"
            },
            "time": "2012-08-18 14:19:10",
            "type": "library",
            "installation-source": "dist",
            "autoload": {
                "psr-0": {
                    "JsonSchema": "src/"
                }
            },
            "license": [
                "BSD-3-Clause"
            ],
            "authors": [
                {
                    "name": "Igor Wiedler",
                    "email": "igor@wiedler.ch",
                    "homepage": "http://wiedler.ch/igor/"
                },
                {
                    "name": "Bruno Prieto Reis",
                    "email": "bruno.p.reis@gmail.com"
                },
                {
                    "name": "Justin Rainbow",
                    "email": "justin.rainbow@gmail.com"
                },
                {
                    "name": "Robert Schönthal",
                    "email": "seroscho@googlemail.com",
                    "homepage": "http://digitalkaoz.net"
                }
            ],
            "description": "A library to validate a json schema.",
            "homepage": "https://github.com/justinrainbow/json-schema",
            "keywords": [
                "json",
                "schema"
            ]
        }
    ],
    "packages-dev": [
        {
            "name": "eloquent/asplode",
            "version": "1.0.4",
            "source": {
                "type": "git",
                "url": "https://github.com/eloquent/asplode.git",
                "reference": "1.0.4"
            },
            "dist": {
                "type": "zip",
                "url": "https://github.com/eloquent/asplode/zipball/1.0.4",
                "reference": "1.0.4",
                "shasum": ""
            },
            "require": {
                "php": ">=5.3.0",
                "icecave/isolator": "2.*"
            },
            "require-dev": {
                "phake/phake": "1.*"
            },
            "time": "2012-08-05 18:24:33",
            "type": "library",
            "installation-source": "dist",
            "autoload": {
                "psr-0": {
                    "Eloquent\\Asplode": "src"
                }
            },
            "license": [
                "MIT"
            ],
            "authors": [
                {
                    "name": "Erin Millard",
                    "email": "ezzatron@gmail.com",
                    "homepage": "http://ezzatron.com/"
                }
            ],
            "description": "Drop-in exception-based error handling for PHP.",
            "homepage": "https://github.com/eloquent/asplode",
            "keywords": [
                "exception",
                "error",
                "handling",
                "handler",
                "errorexception",
                "fault",
                "failure"
            ]
        },
        {
            "name": "eloquent/liberator",
            "version": "1.1.0",
            "source": {
                "type": "git",
                "url": "https://github.com/eloquent/liberator.git",
                "reference": "1.1.0"
            },
            "dist": {
                "type": "zip",
                "url": "https://github.com/eloquent/liberator/zipball/1.1.0",
                "reference": "1.1.0",
                "shasum": ""
            },
            "require": {
                "php": ">=5.3.0",
                "eloquent/pops": "3.*"
            },
            "time": "2012-08-02 06:30:51",
            "type": "library",
            "installation-source": "dist",
            "autoload": {
                "psr-0": {
                    "Eloquent\\Liberator": "src"
                }
            },
            "license": [
                "MIT"
            ],
            "authors": [
                {
                    "name": "Erin Millard",
                    "email": "ezzatron@gmail.com",
                    "homepage": "http://ezzatron.com/"
                }
            ],
            "description": "A proxy for circumventing PHP access modifier restrictions.",
            "homepage": "https://github.com/eloquent/liberator",
            "keywords": [
                "reflection",
                "object",
                "proxy",
                "access",
                "modifier",
                "private",
                "protected"
            ]
        },
        {
            "name": "eloquent/pops",
            "version": "3.1.0",
            "source": {
                "type": "git",
                "url": "git://github.com/eloquent/pops.git",
                "reference": "3.1.0"
            },
            "dist": {
                "type": "zip",
                "url": "https://github.com/eloquent/pops/zipball/3.1.0",
                "reference": "3.1.0",
                "shasum": ""
            },
            "require": {
                "php": ">=5.3.0"
            },
            "time": "2012-08-02 06:17:58",
            "type": "library",
            "installation-source": "dist",
            "autoload": {
                "psr-0": {
                    "Eloquent\\Pops": "src"
                }
            },
            "license": [
                "MIT"
            ],
            "authors": [
                {
                    "name": "Erin Millard",
                    "email": "ezzatron@gmail.com",
                    "homepage": "http://ezzatron.com/"
                }
            ],
            "description": "PHP object proxy system.",
            "homepage": "https://github.com/eloquent/pops",
            "keywords": [
                "object",
                "proxy",
                "escaping"
            ]
        },
        {
            "name": "phake/phake",
            "version": "v1.0.3",
            "source": {
                "type": "git",
                "url": "git://github.com/mlively/Phake.git",
                "reference": "v1.0.3"
            },
            "dist": {
                "type": "zip",
                "url": "https://github.com/mlively/Phake/zipball/v1.0.3",
                "reference": "v1.0.3",
                "shasum": ""
            },
            "require": {
                "php": ">=5.2.0"
            },
            "time": "2012-05-14 08:06:51",
            "type": "library",
            "installation-source": "dist",
            "autoload": {
                "classmap": [
                    "src"
                ]
            },
            "include-path": [
                "src"
            ],
            "license": [
                "BSD"
            ],
            "authors": [
                {
                    "name": "Mike Lively",
                    "email": "m@digitalsandwich.com"
                }
            ],
            "description": "The Phake mock testing library",
            "homepage": "https://github.com/mlively/Phake",
            "keywords": [
                "testing",
                "mock"
            ]
        }
    ],
    "aliases": [

    ],
    "minimum-stability": "stable",
    "stability-flags": [

    ]
}
